// !$*UTF8*$!
{
	archiveVersion = 1;
	classes = {
	};
	objectVersion = 51;
	objects = {

/* Begin PBXBuildFile section */
		D8BE978C25FF956200C3ECD3 /* AppDelegate.swift in Sources */ = {isa = PBXBuildFile; fileRef = D8BE978B25FF956200C3ECD3 /* AppDelegate.swift */; };
		D8BE978E25FF956200C3ECD3 /* SceneDelegate.swift in Sources */ = {isa = PBXBuildFile; fileRef = D8BE978D25FF956200C3ECD3 /* SceneDelegate.swift */; };
		D8BE979025FF956200C3ECD3 /* ViewController.swift in Sources */ = {isa = PBXBuildFile; fileRef = D8BE978F25FF956200C3ECD3 /* ViewController.swift */; };
		D8BE979325FF956200C3ECD3 /* Main.storyboard in Resources */ = {isa = PBXBuildFile; fileRef = D8BE979125FF956200C3ECD3 /* Main.storyboard */; };
		D8BE979525FF956200C3ECD3 /* Assets.xcassets in Resources */ = {isa = PBXBuildFile; fileRef = D8BE979425FF956200C3ECD3 /* Assets.xcassets */; };
		D8BE979825FF956200C3ECD3 /* LaunchScreen.storyboard in Resources */ = {isa = PBXBuildFile; fileRef = D8BE979625FF956200C3ECD3 /* LaunchScreen.storyboard */; };
		D8BE97F8262A7DA300C3ECD3 /* MNDBManager.swift in Sources */ = {isa = PBXBuildFile; fileRef = D8BE97F7262A7DA300C3ECD3 /* MNDBManager.swift */; };
		D8BE98702633DDA700C3ECD3 /* MNkbsTimeFilterView.swift in Sources */ = {isa = PBXBuildFile; fileRef = D8BE986F2633DDA700C3ECD3 /* MNkbsTimeFilterView.swift */; };
		D8BE98732633DE8A00C3ECD3 /* MNkbsTagFilterView.swift in Sources */ = {isa = PBXBuildFile; fileRef = D8BE98722633DE8A00C3ECD3 /* MNkbsTagFilterView.swift */; };
		EB000CAF2698603800A55C10 /* MNkbsTagEditVC.swift in Sources */ = {isa = PBXBuildFile; fileRef = EB000CAE2698603800A55C10 /* MNkbsTagEditVC.swift */; };
		EB25F7962643FE550039E1B9 /* MNkbsInsightVC.swift in Sources */ = {isa = PBXBuildFile; fileRef = EB25F7952643FE550039E1B9 /* MNkbsInsightVC.swift */; };
		EB33025B261D457900A715EE /* MNkbsInputPreview.swift in Sources */ = {isa = PBXBuildFile; fileRef = EB33025A261D457900A715EE /* MNkbsInputPreview.swift */; };
		EB395D15269C72750071A60D /* MNkbsConfigTool.swift in Sources */ = {isa = PBXBuildFile; fileRef = EB395D14269C72750071A60D /* MNkbsConfigTool.swift */; };
		EB395D17269C77830071A60D /* MNkbsAddTagEditView.swift in Sources */ = {isa = PBXBuildFile; fileRef = EB395D16269C77830071A60D /* MNkbsAddTagEditView.swift */; };
		EB395D19269C840E0071A60D /* TaskDelay.swift in Sources */ = {isa = PBXBuildFile; fileRef = EB395D18269C840E0071A60D /* TaskDelay.swift */; };
		EB5D9B4B26005DD700033246 /* MNkbsMainVC.swift in Sources */ = {isa = PBXBuildFile; fileRef = EB5D9B4A26005DD700033246 /* MNkbsMainVC.swift */; };
		EB5D9B4F26005DF600033246 /* MNkbsSettingVC.swift in Sources */ = {isa = PBXBuildFile; fileRef = EB5D9B4E26005DF600033246 /* MNkbsSettingVC.swift */; };
		EB5D9B5226005E0300033246 /* MNkbsSubscriptionVC.swift in Sources */ = {isa = PBXBuildFile; fileRef = EB5D9B5126005E0300033246 /* MNkbsSubscriptionVC.swift */; };
		EB6D80F127CC6355002F1308 /* MNkbsYearMonthSelectView.swift in Sources */ = {isa = PBXBuildFile; fileRef = EB6D80F027CC6355002F1308 /* MNkbsYearMonthSelectView.swift */; };
		EB6D80F327CCA51C002F1308 /* MNkbsGouchengPreviewVC.swift in Sources */ = {isa = PBXBuildFile; fileRef = EB6D80F227CCA51C002F1308 /* MNkbsGouchengPreviewVC.swift */; };
		EB6D80F527CCA533002F1308 /* MNkbsPaihangPreviewVC.swift in Sources */ = {isa = PBXBuildFile; fileRef = EB6D80F427CCA533002F1308 /* MNkbsPaihangPreviewVC.swift */; };
		EB7324F026218F0100EAFFB2 /* MNkbsInputNumberView.swift in Sources */ = {isa = PBXBuildFile; fileRef = EB7324EF26218F0100EAFFB2 /* MNkbsInputNumberView.swift */; };
		EB75C4C226252CFF00F0C100 /* MNkbsConfigManager.swift in Sources */ = {isa = PBXBuildFile; fileRef = EB75C4C126252CFF00F0C100 /* MNkbsConfigManager.swift */; };
		EB75C52D2625900A00F0C100 /* MNkbsInputTagView.swift in Sources */ = {isa = PBXBuildFile; fileRef = EB75C52C2625900A00F0C100 /* MNkbsInputTagView.swift */; };
		EB75C5302625D68300F0C100 /* JsonConvert.swift in Sources */ = {isa = PBXBuildFile; fileRef = EB75C52F2625D68200F0C100 /* JsonConvert.swift */; };
		EB97F2CA263599C60052952D /* MNkbsReeditVC.swift in Sources */ = {isa = PBXBuildFile; fileRef = EB97F2C9263599C60052952D /* MNkbsReeditVC.swift */; };
		EBAAB16D26B17B5A00D89E0C /* UIKit+Simply.swift in Sources */ = {isa = PBXBuildFile; fileRef = EBAAB16C26B17B5A00D89E0C /* UIKit+Simply.swift */; };
		EBAAB16F26B17C1A00D89E0C /* KbsPurchaseManager.swift in Sources */ = {isa = PBXBuildFile; fileRef = EBAAB16E26B17C1A00D89E0C /* KbsPurchaseManager.swift */; };
		EBC69A9F261EACFF00BD68C6 /* MNExtensionTool.swift in Sources */ = {isa = PBXBuildFile; fileRef = EBC69A9E261EACFF00BD68C6 /* MNExtensionTool.swift */; };
		EBD115A2262D579000C07D5E /* MNkbsNoteListVC.swift in Sources */ = {isa = PBXBuildFile; fileRef = EBD115A1262D578F00C07D5E /* MNkbsNoteListVC.swift */; };
		EBD234E5264FC4AD0018F41B /* MNkbsInsightGouChengView.swift in Sources */ = {isa = PBXBuildFile; fileRef = EBD234E4264FC4AD0018F41B /* MNkbsInsightGouChengView.swift */; };
		EBD234E7264FE5C00018F41B /* MNkbsInsightManager.swift in Sources */ = {isa = PBXBuildFile; fileRef = EBD234E6264FE5C00018F41B /* MNkbsInsightManager.swift */; };
		EBE866DD26688262008C37B5 /* MNkbsInsightPaiHangView.swift in Sources */ = {isa = PBXBuildFile; fileRef = EBE866DC26688262008C37B5 /* MNkbsInsightPaiHangView.swift */; };
		EBE866DF266882A2008C37B5 /* MNkbsInsightDaysChart.swift in Sources */ = {isa = PBXBuildFile; fileRef = EBE866DE266882A2008C37B5 /* MNkbsInsightDaysChart.swift */; };
		EBE866E1266882B0008C37B5 /* MNkbsInsightMonthsChart.swift in Sources */ = {isa = PBXBuildFile; fileRef = EBE866E0266882B0008C37B5 /* MNkbsInsightMonthsChart.swift */; };
		F522C41D1C4C1F64DEAF1B34 /* Pods_MNkbsMoneyNote.framework in Frameworks */ = {isa = PBXBuildFile; fileRef = DFAFF5DCD1B4316F8432E7F4 /* Pods_MNkbsMoneyNote.framework */; };
/* End PBXBuildFile section */

/* Begin PBXFileReference section */
		B8875A10C1D84523802996B2 /* Pods-MNkbsMoneyNote.debug.xcconfig */ = {isa = PBXFileReference; includeInIndex = 1; lastKnownFileType = text.xcconfig; name = "Pods-MNkbsMoneyNote.debug.xcconfig"; path = "Target Support Files/Pods-MNkbsMoneyNote/Pods-MNkbsMoneyNote.debug.xcconfig"; sourceTree = "<group>"; };
		BB9993203C81E7EA801D0C69 /* Pods-MNkbsMoneyNote.release.xcconfig */ = {isa = PBXFileReference; includeInIndex = 1; lastKnownFileType = text.xcconfig; name = "Pods-MNkbsMoneyNote.release.xcconfig"; path = "Target Support Files/Pods-MNkbsMoneyNote/Pods-MNkbsMoneyNote.release.xcconfig"; sourceTree = "<group>"; };
		D8BE978825FF956200C3ECD3 /* MNkbsMoneyNote.app */ = {isa = PBXFileReference; explicitFileType = wrapper.application; includeInIndex = 0; path = MNkbsMoneyNote.app; sourceTree = BUILT_PRODUCTS_DIR; };
		D8BE978B25FF956200C3ECD3 /* AppDelegate.swift */ = {isa = PBXFileReference; lastKnownFileType = sourcecode.swift; path = AppDelegate.swift; sourceTree = "<group>"; };
		D8BE978D25FF956200C3ECD3 /* SceneDelegate.swift */ = {isa = PBXFileReference; lastKnownFileType = sourcecode.swift; path = SceneDelegate.swift; sourceTree = "<group>"; wrapsLines = 1; };
		D8BE978F25FF956200C3ECD3 /* ViewController.swift */ = {isa = PBXFileReference; lastKnownFileType = sourcecode.swift; path = ViewController.swift; sourceTree = "<group>"; };
		D8BE979225FF956200C3ECD3 /* Base */ = {isa = PBXFileReference; lastKnownFileType = file.storyboard; name = Base; path = Base.lproj/Main.storyboard; sourceTree = "<group>"; };
		D8BE979425FF956200C3ECD3 /* Assets.xcassets */ = {isa = PBXFileReference; lastKnownFileType = folder.assetcatalog; path = Assets.xcassets; sourceTree = "<group>"; };
		D8BE979725FF956200C3ECD3 /* Base */ = {isa = PBXFileReference; lastKnownFileType = file.storyboard; name = Base; path = Base.lproj/LaunchScreen.storyboard; sourceTree = "<group>"; };
		D8BE979925FF956200C3ECD3 /* Info.plist */ = {isa = PBXFileReference; lastKnownFileType = text.plist.xml; path = Info.plist; sourceTree = "<group>"; };
		D8BE97F7262A7DA300C3ECD3 /* MNDBManager.swift */ = {isa = PBXFileReference; lastKnownFileType = sourcecode.swift; path = MNDBManager.swift; sourceTree = "<group>"; };
		D8BE986F2633DDA700C3ECD3 /* MNkbsTimeFilterView.swift */ = {isa = PBXFileReference; lastKnownFileType = sourcecode.swift; path = MNkbsTimeFilterView.swift; sourceTree = "<group>"; };
		D8BE98722633DE8A00C3ECD3 /* MNkbsTagFilterView.swift */ = {isa = PBXFileReference; lastKnownFileType = sourcecode.swift; path = MNkbsTagFilterView.swift; sourceTree = "<group>"; };
		DFAFF5DCD1B4316F8432E7F4 /* Pods_MNkbsMoneyNote.framework */ = {isa = PBXFileReference; explicitFileType = wrapper.framework; includeInIndex = 0; path = Pods_MNkbsMoneyNote.framework; sourceTree = BUILT_PRODUCTS_DIR; };
		EB000CAE2698603800A55C10 /* MNkbsTagEditVC.swift */ = {isa = PBXFileReference; lastKnownFileType = sourcecode.swift; path = MNkbsTagEditVC.swift; sourceTree = "<group>"; };
		EB25F7952643FE550039E1B9 /* MNkbsInsightVC.swift */ = {isa = PBXFileReference; lastKnownFileType = sourcecode.swift; path = MNkbsInsightVC.swift; sourceTree = "<group>"; };
		EB33025A261D457900A715EE /* MNkbsInputPreview.swift */ = {isa = PBXFileReference; lastKnownFileType = sourcecode.swift; path = MNkbsInputPreview.swift; sourceTree = "<group>"; };
		EB395D14269C72750071A60D /* MNkbsConfigTool.swift */ = {isa = PBXFileReference; lastKnownFileType = sourcecode.swift; path = MNkbsConfigTool.swift; sourceTree = "<group>"; };
		EB395D16269C77830071A60D /* MNkbsAddTagEditView.swift */ = {isa = PBXFileReference; lastKnownFileType = sourcecode.swift; path = MNkbsAddTagEditView.swift; sourceTree = "<group>"; };
		EB395D18269C840E0071A60D /* TaskDelay.swift */ = {isa = PBXFileReference; fileEncoding = 4; lastKnownFileType = sourcecode.swift; path = TaskDelay.swift; sourceTree = "<group>"; };
		EB5D9B4A26005DD700033246 /* MNkbsMainVC.swift */ = {isa = PBXFileReference; lastKnownFileType = sourcecode.swift; path = MNkbsMainVC.swift; sourceTree = "<group>"; };
		EB5D9B4E26005DF600033246 /* MNkbsSettingVC.swift */ = {isa = PBXFileReference; lastKnownFileType = sourcecode.swift; path = MNkbsSettingVC.swift; sourceTree = "<group>"; };
		EB5D9B5126005E0300033246 /* MNkbsSubscriptionVC.swift */ = {isa = PBXFileReference; lastKnownFileType = sourcecode.swift; path = MNkbsSubscriptionVC.swift; sourceTree = "<group>"; };
		EB6D80F027CC6355002F1308 /* MNkbsYearMonthSelectView.swift */ = {isa = PBXFileReference; lastKnownFileType = sourcecode.swift; path = MNkbsYearMonthSelectView.swift; sourceTree = "<group>"; };
		EB6D80F227CCA51C002F1308 /* MNkbsGouchengPreviewVC.swift */ = {isa = PBXFileReference; lastKnownFileType = sourcecode.swift; path = MNkbsGouchengPreviewVC.swift; sourceTree = "<group>"; };
		EB6D80F427CCA533002F1308 /* MNkbsPaihangPreviewVC.swift */ = {isa = PBXFileReference; lastKnownFileType = sourcecode.swift; path = MNkbsPaihangPreviewVC.swift; sourceTree = "<group>"; };
		EB7324EF26218F0100EAFFB2 /* MNkbsInputNumberView.swift */ = {isa = PBXFileReference; lastKnownFileType = sourcecode.swift; path = MNkbsInputNumberView.swift; sourceTree = "<group>"; };
		EB75C4C126252CFF00F0C100 /* MNkbsConfigManager.swift */ = {isa = PBXFileReference; lastKnownFileType = sourcecode.swift; path = MNkbsConfigManager.swift; sourceTree = "<group>"; };
		EB75C52C2625900A00F0C100 /* MNkbsInputTagView.swift */ = {isa = PBXFileReference; lastKnownFileType = sourcecode.swift; path = MNkbsInputTagView.swift; sourceTree = "<group>"; };
		EB75C52F2625D68200F0C100 /* JsonConvert.swift */ = {isa = PBXFileReference; fileEncoding = 4; lastKnownFileType = sourcecode.swift; path = JsonConvert.swift; sourceTree = "<group>"; };
		EB97F2C9263599C60052952D /* MNkbsReeditVC.swift */ = {isa = PBXFileReference; lastKnownFileType = sourcecode.swift; path = MNkbsReeditVC.swift; sourceTree = "<group>"; };
		EBAAB16C26B17B5A00D89E0C /* UIKit+Simply.swift */ = {isa = PBXFileReference; lastKnownFileType = sourcecode.swift; path = "UIKit+Simply.swift"; sourceTree = "<group>"; };
		EBAAB16E26B17C1A00D89E0C /* KbsPurchaseManager.swift */ = {isa = PBXFileReference; lastKnownFileType = sourcecode.swift; path = KbsPurchaseManager.swift; sourceTree = "<group>"; };
		EBC69A9E261EACFF00BD68C6 /* MNExtensionTool.swift */ = {isa = PBXFileReference; lastKnownFileType = sourcecode.swift; path = MNExtensionTool.swift; sourceTree = "<group>"; };
		EBD115A1262D578F00C07D5E /* MNkbsNoteListVC.swift */ = {isa = PBXFileReference; lastKnownFileType = sourcecode.swift; path = MNkbsNoteListVC.swift; sourceTree = "<group>"; };
		EBD234E4264FC4AD0018F41B /* MNkbsInsightGouChengView.swift */ = {isa = PBXFileReference; lastKnownFileType = sourcecode.swift; path = MNkbsInsightGouChengView.swift; sourceTree = "<group>"; };
		EBD234E6264FE5C00018F41B /* MNkbsInsightManager.swift */ = {isa = PBXFileReference; lastKnownFileType = sourcecode.swift; path = MNkbsInsightManager.swift; sourceTree = "<group>"; };
		EBE866DC26688262008C37B5 /* MNkbsInsightPaiHangView.swift */ = {isa = PBXFileReference; lastKnownFileType = sourcecode.swift; path = MNkbsInsightPaiHangView.swift; sourceTree = "<group>"; };
		EBE866DE266882A2008C37B5 /* MNkbsInsightDaysChart.swift */ = {isa = PBXFileReference; lastKnownFileType = sourcecode.swift; path = MNkbsInsightDaysChart.swift; sourceTree = "<group>"; };
		EBE866E0266882B0008C37B5 /* MNkbsInsightMonthsChart.swift */ = {isa = PBXFileReference; lastKnownFileType = sourcecode.swift; path = MNkbsInsightMonthsChart.swift; sourceTree = "<group>"; };
/* End PBXFileReference section */

/* Begin PBXFrameworksBuildPhase section */
		D8BE978525FF956200C3ECD3 /* Frameworks */ = {
			isa = PBXFrameworksBuildPhase;
			buildActionMask = 2147483647;
			files = (
				F522C41D1C4C1F64DEAF1B34 /* Pods_MNkbsMoneyNote.framework in Frameworks */,
			);
			runOnlyForDeploymentPostprocessing = 0;
		};
/* End PBXFrameworksBuildPhase section */

/* Begin PBXGroup section */
		3F492E67CFA5A57B7119F4E3 /* Pods */ = {
			isa = PBXGroup;
			children = (
				B8875A10C1D84523802996B2 /* Pods-MNkbsMoneyNote.debug.xcconfig */,
				BB9993203C81E7EA801D0C69 /* Pods-MNkbsMoneyNote.release.xcconfig */,
			);
			path = Pods;
			sourceTree = "<group>";
		};
		8F375CF9626A56850032E07C /* Frameworks */ = {
			isa = PBXGroup;
			children = (
				DFAFF5DCD1B4316F8432E7F4 /* Pods_MNkbsMoneyNote.framework */,
			);
			name = Frameworks;
			sourceTree = "<group>";
		};
		D8BE977F25FF956200C3ECD3 = {
			isa = PBXGroup;
			children = (
				D8BE978A25FF956200C3ECD3 /* MNkbsMoneyNote */,
				D8BE978925FF956200C3ECD3 /* Products */,
				3F492E67CFA5A57B7119F4E3 /* Pods */,
				8F375CF9626A56850032E07C /* Frameworks */,
			);
			sourceTree = "<group>";
		};
		D8BE978925FF956200C3ECD3 /* Products */ = {
			isa = PBXGroup;
			children = (
				D8BE978825FF956200C3ECD3 /* MNkbsMoneyNote.app */,
			);
			name = Products;
			sourceTree = "<group>";
		};
		D8BE978A25FF956200C3ECD3 /* MNkbsMoneyNote */ = {
			isa = PBXGroup;
			children = (
				EBC69A9D261EACEC00BD68C6 /* Extension */,
				EB75C4C026252C5100F0C100 /* Tool */,
				EB7DBA202629AE0900C2FAF6 /* DataBaseManager */,
				EB5D9B4926005DBC00033246 /* MainModule */,
				EB5D9B4726005DB500033246 /* Root */,
			);
			path = MNkbsMoneyNote;
			sourceTree = "<group>";
		};
		EB330259261D448700A715EE /* View */ = {
			isa = PBXGroup;
			children = (
				EB33025A261D457900A715EE /* MNkbsInputPreview.swift */,
				EB7324EF26218F0100EAFFB2 /* MNkbsInputNumberView.swift */,
				EB75C52C2625900A00F0C100 /* MNkbsInputTagView.swift */,
				EB395D16269C77830071A60D /* MNkbsAddTagEditView.swift */,
				D8BE986F2633DDA700C3ECD3 /* MNkbsTimeFilterView.swift */,
				D8BE98722633DE8A00C3ECD3 /* MNkbsTagFilterView.swift */,
				EBD234E4264FC4AD0018F41B /* MNkbsInsightGouChengView.swift */,
				EBE866DC26688262008C37B5 /* MNkbsInsightPaiHangView.swift */,
				EBE866DE266882A2008C37B5 /* MNkbsInsightDaysChart.swift */,
				EBE866E0266882B0008C37B5 /* MNkbsInsightMonthsChart.swift */,
				EB6D80F027CC6355002F1308 /* MNkbsYearMonthSelectView.swift */,
			);
			path = View;
			sourceTree = "<group>";
		};
		EB5D9B4726005DB500033246 /* Root */ = {
			isa = PBXGroup;
			children = (
				D8BE978B25FF956200C3ECD3 /* AppDelegate.swift */,
				D8BE978D25FF956200C3ECD3 /* SceneDelegate.swift */,
				D8BE978F25FF956200C3ECD3 /* ViewController.swift */,
				D8BE979125FF956200C3ECD3 /* Main.storyboard */,
				D8BE979425FF956200C3ECD3 /* Assets.xcassets */,
				D8BE979625FF956200C3ECD3 /* LaunchScreen.storyboard */,
				D8BE979925FF956200C3ECD3 /* Info.plist */,
			);
			name = Root;
			sourceTree = "<group>";
		};
		EB5D9B4926005DBC00033246 /* MainModule */ = {
			isa = PBXGroup;
			children = (
				EB5D9B4A26005DD700033246 /* MNkbsMainVC.swift */,
				EBD115A1262D578F00C07D5E /* MNkbsNoteListVC.swift */,
				EB5D9B4E26005DF600033246 /* MNkbsSettingVC.swift */,
				EB5D9B5126005E0300033246 /* MNkbsSubscriptionVC.swift */,
				EB97F2C9263599C60052952D /* MNkbsReeditVC.swift */,
				EB25F7952643FE550039E1B9 /* MNkbsInsightVC.swift */,
				EB000CAE2698603800A55C10 /* MNkbsTagEditVC.swift */,
				EB6D80F227CCA51C002F1308 /* MNkbsGouchengPreviewVC.swift */,
				EB6D80F427CCA533002F1308 /* MNkbsPaihangPreviewVC.swift */,
				EB330259261D448700A715EE /* View */,
			);
			path = MainModule;
			sourceTree = "<group>";
		};
		EB75C4C026252C5100F0C100 /* Tool */ = {
			isa = PBXGroup;
			children = (
				EB75C4C126252CFF00F0C100 /* MNkbsConfigManager.swift */,
			);
			path = Tool;
			sourceTree = "<group>";
		};
		EB7DBA202629AE0900C2FAF6 /* DataBaseManager */ = {
			isa = PBXGroup;
			children = (
				D8BE97F7262A7DA300C3ECD3 /* MNDBManager.swift */,
				EBD234E6264FE5C00018F41B /* MNkbsInsightManager.swift */,
				EBAAB16E26B17C1A00D89E0C /* KbsPurchaseManager.swift */,
			);
			path = DataBaseManager;
			sourceTree = "<group>";
		};
		EBC69A9D261EACEC00BD68C6 /* Extension */ = {
			isa = PBXGroup;
			children = (
				EB75C52F2625D68200F0C100 /* JsonConvert.swift */,
				EBC69A9E261EACFF00BD68C6 /* MNExtensionTool.swift */,
				EB395D14269C72750071A60D /* MNkbsConfigTool.swift */,
				EB395D18269C840E0071A60D /* TaskDelay.swift */,
				EBAAB16C26B17B5A00D89E0C /* UIKit+Simply.swift */,
			);
			path = Extension;
			sourceTree = "<group>";
		};
/* End PBXGroup section */

/* Begin PBXNativeTarget section */
		D8BE978725FF956200C3ECD3 /* MNkbsMoneyNote */ = {
			isa = PBXNativeTarget;
			buildConfigurationList = D8BE979C25FF956200C3ECD3 /* Build configuration list for PBXNativeTarget "MNkbsMoneyNote" */;
			buildPhases = (
				B5E66551BC9FAABDB5075622 /* [CP] Check Pods Manifest.lock */,
				D8BE978425FF956200C3ECD3 /* Sources */,
				D8BE978525FF956200C3ECD3 /* Frameworks */,
				D8BE978625FF956200C3ECD3 /* Resources */,
				AC0E0C4E127D6829F92A7318 /* [CP] Embed Pods Frameworks */,
			);
			buildRules = (
			);
			dependencies = (
			);
			name = MNkbsMoneyNote;
			productName = MNkbsMoneyNote;
			productReference = D8BE978825FF956200C3ECD3 /* MNkbsMoneyNote.app */;
			productType = "com.apple.product-type.application";
		};
/* End PBXNativeTarget section */

/* Begin PBXProject section */
		D8BE978025FF956200C3ECD3 /* Project object */ = {
			isa = PBXProject;
			attributes = {
				LastSwiftUpdateCheck = 1240;
				LastUpgradeCheck = 1240;
				TargetAttributes = {
					D8BE978725FF956200C3ECD3 = {
						CreatedOnToolsVersion = 12.4;
					};
				};
			};
			buildConfigurationList = D8BE978325FF956200C3ECD3 /* Build configuration list for PBXProject "MNkbsMoneyNote" */;
			compatibilityVersion = "Xcode 9.3";
			developmentRegion = en;
			hasScannedForEncodings = 0;
			knownRegions = (
				en,
				Base,
			);
			mainGroup = D8BE977F25FF956200C3ECD3;
			productRefGroup = D8BE978925FF956200C3ECD3 /* Products */;
			projectDirPath = "";
			projectRoot = "";
			targets = (
				D8BE978725FF956200C3ECD3 /* MNkbsMoneyNote */,
			);
		};
/* End PBXProject section */

/* Begin PBXResourcesBuildPhase section */
		D8BE978625FF956200C3ECD3 /* Resources */ = {
			isa = PBXResourcesBuildPhase;
			buildActionMask = 2147483647;
			files = (
				D8BE979825FF956200C3ECD3 /* LaunchScreen.storyboard in Resources */,
				D8BE979525FF956200C3ECD3 /* Assets.xcassets in Resources */,
				D8BE979325FF956200C3ECD3 /* Main.storyboard in Resources */,
			);
			runOnlyForDeploymentPostprocessing = 0;
		};
/* End PBXResourcesBuildPhase section */

/* Begin PBXShellScriptBuildPhase section */
		AC0E0C4E127D6829F92A7318 /* [CP] Embed Pods Frameworks */ = {
			isa = PBXShellScriptBuildPhase;
			buildActionMask = 2147483647;
			files = (
			);
			inputFileListPaths = (
				"${PODS_ROOT}/Target Support Files/Pods-MNkbsMoneyNote/Pods-MNkbsMoneyNote-frameworks-${CONFIGURATION}-input-files.xcfilelist",
			);
			name = "[CP] Embed Pods Frameworks";
			outputFileListPaths = (
				"${PODS_ROOT}/Target Support Files/Pods-MNkbsMoneyNote/Pods-MNkbsMoneyNote-frameworks-${CONFIGURATION}-output-files.xcfilelist",
			);
			runOnlyForDeploymentPostprocessing = 0;
			shellPath = /bin/sh;
			shellScript = "\"${PODS_ROOT}/Target Support Files/Pods-MNkbsMoneyNote/Pods-MNkbsMoneyNote-frameworks.sh\"\n";
			showEnvVarsInLog = 0;
		};
		B5E66551BC9FAABDB5075622 /* [CP] Check Pods Manifest.lock */ = {
			isa = PBXShellScriptBuildPhase;
			buildActionMask = 2147483647;
			files = (
			);
			inputFileListPaths = (
			);
			inputPaths = (
				"${PODS_PODFILE_DIR_PATH}/Podfile.lock",
				"${PODS_ROOT}/Manifest.lock",
			);
			name = "[CP] Check Pods Manifest.lock";
			outputFileListPaths = (
			);
			outputPaths = (
				"$(DERIVED_FILE_DIR)/Pods-MNkbsMoneyNote-checkManifestLockResult.txt",
			);
			runOnlyForDeploymentPostprocessing = 0;
			shellPath = /bin/sh;
			shellScript = "diff \"${PODS_PODFILE_DIR_PATH}/Podfile.lock\" \"${PODS_ROOT}/Manifest.lock\" > /dev/null\nif [ $? != 0 ] ; then\n    # print error to STDERR\n    echo \"error: The sandbox is not in sync with the Podfile.lock. Run 'pod install' or update your CocoaPods installation.\" >&2\n    exit 1\nfi\n# This output is used by Xcode 'outputs' to avoid re-running this script phase.\necho \"SUCCESS\" > \"${SCRIPT_OUTPUT_FILE_0}\"\n";
			showEnvVarsInLog = 0;
		};
/* End PBXShellScriptBuildPhase section */

/* Begin PBXSourcesBuildPhase section */
		D8BE978425FF956200C3ECD3 /* Sources */ = {
			isa = PBXSourcesBuildPhase;
			buildActionMask = 2147483647;
			files = (
				EB7324F026218F0100EAFFB2 /* MNkbsInputNumberView.swift in Sources */,
				D8BE979025FF956200C3ECD3 /* ViewController.swift in Sources */,
				EB33025B261D457900A715EE /* MNkbsInputPreview.swift in Sources */,
				EB5D9B5226005E0300033246 /* MNkbsSubscriptionVC.swift in Sources */,
				EB6D80F527CCA533002F1308 /* MNkbsPaihangPreviewVC.swift in Sources */,
				EB5D9B4F26005DF600033246 /* MNkbsSettingVC.swift in Sources */,
				EB5D9B4B26005DD700033246 /* MNkbsMainVC.swift in Sources */,
				EB75C4C226252CFF00F0C100 /* MNkbsConfigManager.swift in Sources */,
				EB395D19269C840E0071A60D /* TaskDelay.swift in Sources */,
				EBE866E1266882B0008C37B5 /* MNkbsInsightMonthsChart.swift in Sources */,
				EBAAB16D26B17B5A00D89E0C /* UIKit+Simply.swift in Sources */,
				EB6D80F327CCA51C002F1308 /* MNkbsGouchengPreviewVC.swift in Sources */,
				EBAAB16F26B17C1A00D89E0C /* KbsPurchaseManager.swift in Sources */,
				D8BE98732633DE8A00C3ECD3 /* MNkbsTagFilterView.swift in Sources */,
				EBE866DD26688262008C37B5 /* MNkbsInsightPaiHangView.swift in Sources */,
				EB395D15269C72750071A60D /* MNkbsConfigTool.swift in Sources */,
				EBD234E7264FE5C00018F41B /* MNkbsInsightManager.swift in Sources */,
				EB75C5302625D68300F0C100 /* JsonConvert.swift in Sources */,
				EB75C52D2625900A00F0C100 /* MNkbsInputTagView.swift in Sources */,
				EB000CAF2698603800A55C10 /* MNkbsTagEditVC.swift in Sources */,
				EB6D80F127CC6355002F1308 /* MNkbsYearMonthSelectView.swift in Sources */,
				D8BE97F8262A7DA300C3ECD3 /* MNDBManager.swift in Sources */,
				D8BE978C25FF956200C3ECD3 /* AppDelegate.swift in Sources */,
				EBE866DF266882A2008C37B5 /* MNkbsInsightDaysChart.swift in Sources */,
				EBD234E5264FC4AD0018F41B /* MNkbsInsightGouChengView.swift in Sources */,
				EB25F7962643FE550039E1B9 /* MNkbsInsightVC.swift in Sources */,
				EBD115A2262D579000C07D5E /* MNkbsNoteListVC.swift in Sources */,
				EBC69A9F261EACFF00BD68C6 /* MNExtensionTool.swift in Sources */,
				EB97F2CA263599C60052952D /* MNkbsReeditVC.swift in Sources */,
				EB395D17269C77830071A60D /* MNkbsAddTagEditView.swift in Sources */,
				D8BE978E25FF956200C3ECD3 /* SceneDelegate.swift in Sources */,
				D8BE98702633DDA700C3ECD3 /* MNkbsTimeFilterView.swift in Sources */,
			);
			runOnlyForDeploymentPostprocessing = 0;
		};
/* End PBXSourcesBuildPhase section */

/* Begin PBXVariantGroup section */
		D8BE979125FF956200C3ECD3 /* Main.storyboard */ = {
			isa = PBXVariantGroup;
			children = (
				D8BE979225FF956200C3ECD3 /* Base */,
			);
			name = Main.storyboard;
			sourceTree = "<group>";
		};
		D8BE979625FF956200C3ECD3 /* LaunchScreen.storyboard */ = {
			isa = PBXVariantGroup;
			children = (
				D8BE979725FF956200C3ECD3 /* Base */,
			);
			name = LaunchScreen.storyboard;
			sourceTree = "<group>";
		};
/* End PBXVariantGroup section */

/* Begin XCBuildConfiguration section */
		D8BE979A25FF956200C3ECD3 /* Debug */ = {
			isa = XCBuildConfiguration;
			buildSettings = {
				ALWAYS_SEARCH_USER_PATHS = NO;
				CLANG_ANALYZER_NONNULL = YES;
				CLANG_ANALYZER_NUMBER_OBJECT_CONVERSION = YES_AGGRESSIVE;
				CLANG_CXX_LANGUAGE_STANDARD = "gnu++14";
				CLANG_CXX_LIBRARY = "libc++";
				CLANG_ENABLE_MODULES = YES;
				CLANG_ENABLE_OBJC_ARC = YES;
				CLANG_ENABLE_OBJC_WEAK = YES;
				CLANG_WARN_BLOCK_CAPTURE_AUTORELEASING = YES;
				CLANG_WARN_BOOL_CONVERSION = YES;
				CLANG_WARN_COMMA = YES;
				CLANG_WARN_CONSTANT_CONVERSION = YES;
				CLANG_WARN_DEPRECATED_OBJC_IMPLEMENTATIONS = YES;
				CLANG_WARN_DIRECT_OBJC_ISA_USAGE = YES_ERROR;
				CLANG_WARN_DOCUMENTATION_COMMENTS = YES;
				CLANG_WARN_EMPTY_BODY = YES;
				CLANG_WARN_ENUM_CONVERSION = YES;
				CLANG_WARN_INFINITE_RECURSION = YES;
				CLANG_WARN_INT_CONVERSION = YES;
				CLANG_WARN_NON_LITERAL_NULL_CONVERSION = YES;
				CLANG_WARN_OBJC_IMPLICIT_RETAIN_SELF = YES;
				CLANG_WARN_OBJC_LITERAL_CONVERSION = YES;
				CLANG_WARN_OBJC_ROOT_CLASS = YES_ERROR;
				CLANG_WARN_QUOTED_INCLUDE_IN_FRAMEWORK_HEADER = YES;
				CLANG_WARN_RANGE_LOOP_ANALYSIS = YES;
				CLANG_WARN_STRICT_PROTOTYPES = YES;
				CLANG_WARN_SUSPICIOUS_MOVE = YES;
				CLANG_WARN_UNGUARDED_AVAILABILITY = YES_AGGRESSIVE;
				CLANG_WARN_UNREACHABLE_CODE = YES;
				CLANG_WARN__DUPLICATE_METHOD_MATCH = YES;
				COPY_PHASE_STRIP = NO;
				DEBUG_INFORMATION_FORMAT = dwarf;
				ENABLE_STRICT_OBJC_MSGSEND = YES;
				ENABLE_TESTABILITY = YES;
				GCC_C_LANGUAGE_STANDARD = gnu11;
				GCC_DYNAMIC_NO_PIC = NO;
				GCC_NO_COMMON_BLOCKS = YES;
				GCC_OPTIMIZATION_LEVEL = 0;
				GCC_PREPROCESSOR_DEFINITIONS = (
					"DEBUG=1",
					"$(inherited)",
				);
				GCC_WARN_64_TO_32_BIT_CONVERSION = YES;
				GCC_WARN_ABOUT_RETURN_TYPE = YES_ERROR;
				GCC_WARN_UNDECLARED_SELECTOR = YES;
				GCC_WARN_UNINITIALIZED_AUTOS = YES_AGGRESSIVE;
				GCC_WARN_UNUSED_FUNCTION = YES;
				GCC_WARN_UNUSED_VARIABLE = YES;
				IPHONEOS_DEPLOYMENT_TARGET = 13.4;
				MTL_ENABLE_DEBUG_INFO = INCLUDE_SOURCE;
				MTL_FAST_MATH = YES;
				ONLY_ACTIVE_ARCH = YES;
				SDKROOT = iphoneos;
				SWIFT_ACTIVE_COMPILATION_CONDITIONS = DEBUG;
				SWIFT_OPTIMIZATION_LEVEL = "-Onone";
			};
			name = Debug;
		};
		D8BE979B25FF956200C3ECD3 /* Release */ = {
			isa = XCBuildConfiguration;
			buildSettings = {
				ALWAYS_SEARCH_USER_PATHS = NO;
				CLANG_ANALYZER_NONNULL = YES;
				CLANG_ANALYZER_NUMBER_OBJECT_CONVERSION = YES_AGGRESSIVE;
				CLANG_CXX_LANGUAGE_STANDARD = "gnu++14";
				CLANG_CXX_LIBRARY = "libc++";
				CLANG_ENABLE_MODULES = YES;
				CLANG_ENABLE_OBJC_ARC = YES;
				CLANG_ENABLE_OBJC_WEAK = YES;
				CLANG_WARN_BLOCK_CAPTURE_AUTORELEASING = YES;
				CLANG_WARN_BOOL_CONVERSION = YES;
				CLANG_WARN_COMMA = YES;
				CLANG_WARN_CONSTANT_CONVERSION = YES;
				CLANG_WARN_DEPRECATED_OBJC_IMPLEMENTATIONS = YES;
				CLANG_WARN_DIRECT_OBJC_ISA_USAGE = YES_ERROR;
				CLANG_WARN_DOCUMENTATION_COMMENTS = YES;
				CLANG_WARN_EMPTY_BODY = YES;
				CLANG_WARN_ENUM_CONVERSION = YES;
				CLANG_WARN_INFINITE_RECURSION = YES;
				CLANG_WARN_INT_CONVERSION = YES;
				CLANG_WARN_NON_LITERAL_NULL_CONVERSION = YES;
				CLANG_WARN_OBJC_IMPLICIT_RETAIN_SELF = YES;
				CLANG_WARN_OBJC_LITERAL_CONVERSION = YES;
				CLANG_WARN_OBJC_ROOT_CLASS = YES_ERROR;
				CLANG_WARN_QUOTED_INCLUDE_IN_FRAMEWORK_HEADER = YES;
				CLANG_WARN_RANGE_LOOP_ANALYSIS = YES;
				CLANG_WARN_STRICT_PROTOTYPES = YES;
				CLANG_WARN_SUSPICIOUS_MOVE = YES;
				CLANG_WARN_UNGUARDED_AVAILABILITY = YES_AGGRESSIVE;
				CLANG_WARN_UNREACHABLE_CODE = YES;
				CLANG_WARN__DUPLICATE_METHOD_MATCH = YES;
				COPY_PHASE_STRIP = NO;
				DEBUG_INFORMATION_FORMAT = "dwarf-with-dsym";
				ENABLE_NS_ASSERTIONS = NO;
				ENABLE_STRICT_OBJC_MSGSEND = YES;
				GCC_C_LANGUAGE_STANDARD = gnu11;
				GCC_NO_COMMON_BLOCKS = YES;
				GCC_WARN_64_TO_32_BIT_CONVERSION = YES;
				GCC_WARN_ABOUT_RETURN_TYPE = YES_ERROR;
				GCC_WARN_UNDECLARED_SELECTOR = YES;
				GCC_WARN_UNINITIALIZED_AUTOS = YES_AGGRESSIVE;
				GCC_WARN_UNUSED_FUNCTION = YES;
				GCC_WARN_UNUSED_VARIABLE = YES;
				IPHONEOS_DEPLOYMENT_TARGET = 13.4;
				MTL_ENABLE_DEBUG_INFO = NO;
				MTL_FAST_MATH = YES;
				SDKROOT = iphoneos;
				SWIFT_COMPILATION_MODE = wholemodule;
				SWIFT_OPTIMIZATION_LEVEL = "-O";
				VALIDATE_PRODUCT = YES;
			};
			name = Release;
		};
		D8BE979D25FF956200C3ECD3 /* Debug */ = {
			isa = XCBuildConfiguration;
			baseConfigurationReference = B8875A10C1D84523802996B2 /* Pods-MNkbsMoneyNote.debug.xcconfig */;
			buildSettings = {
				ASSETCATALOG_COMPILER_APPICON_NAME = AppIcon;
				ASSETCATALOG_COMPILER_GLOBAL_ACCENT_COLOR_NAME = AccentColor;
				CODE_SIGN_STYLE = Automatic;
				CURRENT_PROJECT_VERSION = 1.0.0.0;
				DEVELOPMENT_TEAM = 598UKLP25U;
				INFOPLIST_FILE = MNkbsMoneyNote/Info.plist;
				IPHONEOS_DEPLOYMENT_TARGET = 13.4;
				LD_RUNPATH_SEARCH_PATHS = (
					"$(inherited)",
					"@executable_path/Frameworks",
				);
				MARKETING_VERSION = 1.0.0;
				PRODUCT_BUNDLE_IDENTIFIER = com.xinyu.test.888888;
				PRODUCT_NAME = "$(TARGET_NAME)";
				SWIFT_VERSION = 5.0;
				TARGETED_DEVICE_FAMILY = 1;
			};
			name = Debug;
		};
		D8BE979E25FF956200C3ECD3 /* Release */ = {
			isa = XCBuildConfiguration;
			baseConfigurationReference = BB9993203C81E7EA801D0C69 /* Pods-MNkbsMoneyNote.release.xcconfig */;
			buildSettings = {
				ASSETCATALOG_COMPILER_APPICON_NAME = AppIcon;
				ASSETCATALOG_COMPILER_GLOBAL_ACCENT_COLOR_NAME = AccentColor;
				CODE_SIGN_STYLE = Automatic;
				CURRENT_PROJECT_VERSION = 1.0.0.0;
				DEVELOPMENT_TEAM = 598UKLP25U;
				INFOPLIST_FILE = MNkbsMoneyNote/Info.plist;
				IPHONEOS_DEPLOYMENT_TARGET = 13.4;
				LD_RUNPATH_SEARCH_PATHS = (
					"$(inherited)",
					"@executable_path/Frameworks",
				);
				MARKETING_VERSION = 1.0.0;
				PRODUCT_BUNDLE_IDENTIFIER = com.xinyu.test.888888;
				PRODUCT_NAME = "$(TARGET_NAME)";
				SWIFT_VERSION = 5.0;
				TARGETED_DEVICE_FAMILY = 1;
			};
			name = Release;
		};
/* End XCBuildConfiguration section */

/* Begin XCConfigurationList section */
		D8BE978325FF956200C3ECD3 /* Build configuration list for PBXProject "MNkbsMoneyNote" */ = {
			isa = XCConfigurationList;
			buildConfigurations = (
				D8BE979A25FF956200C3ECD3 /* Debug */,
				D8BE979B25FF956200C3ECD3 /* Release */,
			);
			defaultConfigurationIsVisible = 0;
			defaultConfigurationName = Release;
		};
		D8BE979C25FF956200C3ECD3 /* Build configuration list for PBXNativeTarget "MNkbsMoneyNote" */ = {
			isa = XCConfigurationList;
			buildConfigurations = (
				D8BE979D25FF956200C3ECD3 /* Debug */,
				D8BE979E25FF956200C3ECD3 /* Release */,
			);
			defaultConfigurationIsVisible = 0;
			defaultConfigurationName = Release;
		};
/* End XCConfigurationList section */
	};
	rootObject = D8BE978025FF956200C3ECD3 /* Project object */;
}
